{
  "nodes": {
    "beaker-src": {
      "flake": false,
      "locked": {
        "lastModified": 1790704008,
        "narHash": "sha256-Al/BE7uVRSmUGF/t1m0pWxF9jNgzdCVUrc5ZHkcPiQg=",
        "ref": "refs/heads/master",
        "rev": "10be7f581fb828e74f064ea7ad4fb0534ee8540a",
        "revCount": 46,
        "shallow": false,
        "type": "git",
        "url": "https://git.bwaaa.space/beaker"
      },
      "original": {
        "shallow": false,
        "type": "git",
        "url": "https://git.bwaaa.space/beaker"
      }
    },
    "nixpkgs": {
      "locked": {
        "lastModified": 1791179034,
        "narHash": "sha256-Ni0LBydzaCi8oek12r4mVreuFHqYlM1eTD6SfiENKfw=",
        "owner": "NixOS",
        "repo": "nixpkgs",
        "rev": "494ce7fd23ff6a5dff39e1fb11e9b6f2ac74bf25",
        "type": "github"
      },
      "original": {
        "owner": "NixOS",
        "ref": "nixos-unstable",
        "repo": "nixpkgs",
        "type": "github"
      }
    },
    "omnisearch-src": {
      "flake": false,
      "locked": {
        "lastModified": 1791072090,
        "narHash": "sha256-PWT4tezp99dc5OJh+qxt5AoGyQo5FoNaP/JWgFQwvjU=",
        "ref": "refs/heads/master",
        "rev": "3fb6f96d13b3e83159887076c4eeb0644d62458c",
        "revCount": 157,
        "shallow": false,
        "type": "git",
        "url": "https://git.bwaaa.space/omnisearch"
      },
      "original": {
        "shallow": false,
        "type": "git",
        "url": "https://git.bwaaa.space/omnisearch"
      }
    },
    "root": {
      "inputs": {
        "beaker-src": "beaker-src",
        "nixpkgs": "nixpkgs",
        "omnisearch-src": "omnisearch-src"
      }
    }
  },
  "root": "root",
  "version": 7
}
