{
  "nodes": {
    "beaker-src": {
      "flake": false,
      "locked": {
        "lastModified": 1780436704,
        "narHash": "sha256-3aMH1YblnpiXKdkQVMRLmMZ5/8G7vB4HAfLg7+izyHg=",
        "ref": "refs/heads/master",
        "rev": "360d6271e1a20d128430e52637d5d35f4c706ca5",
        "revCount": 34,
        "shallow": false,
        "type": "git",
        "url": "https://git.bwaaa.monster/beaker"
      },
      "original": {
        "shallow": false,
        "type": "git",
        "url": "https://git.bwaaa.monster/beaker"
      }
    },
    "nixpkgs": {
      "locked": {
        "lastModified": 1784497964,
        "narHash": "sha256-vlHUuqAcbcH2RKmHbPiuQzbv1pnzzavXnI62RD0bqCU=",
        "owner": "NixOS",
        "repo": "nixpkgs",
        "rev": "241313f4e8e508cb9b13278c2b0fa25b9ca27163",
        "type": "github"
      },
      "original": {
        "owner": "NixOS",
        "ref": "nixos-unstable",
        "repo": "nixpkgs",
        "type": "github"
      }
    },
    "omnisearch-src": {
      "flake": false,
      "locked": {
        "lastModified": 1783357409,
        "narHash": "sha256-eolp0Msb3ACNatbenEJftjFlUoh/RfZDizv3GdetEsM=",
        "ref": "refs/heads/master",
        "rev": "9c68a8ae6fb32f8a1660da392b9985a4ab3e7cb4",
        "revCount": 135,
        "shallow": false,
        "type": "git",
        "url": "https://git.bwaaa.monster/omnisearch"
      },
      "original": {
        "shallow": false,
        "type": "git",
        "url": "https://git.bwaaa.monster/omnisearch"
      }
    },
    "root": {
      "inputs": {
        "beaker-src": "beaker-src",
        "nixpkgs": "nixpkgs",
        "omnisearch-src": "omnisearch-src"
      }
    }
  },
  "root": "root",
  "version": 7
}
